
Microsoft Visual Studio Solution File, Format Version 12.00
# Visual Studio Version 17
VisualStudioVersion = 17.9.34616.47
MinimumVisualStudioVersion = 10.0.40219.1
Project("{FAE04EC0-301F-11D3-BF4B-00C04F79EFBC}") = "Reg_log_Kor", "Reg_log_Kor.csproj", "{155C8EB7-8681-4D18-ACFF-97CE2F5BF3A5}"
EndProject
Global
	GlobalSection(SolutionConfigurationPlatforms) = preSolution
		Debug|Any CPU = Debug|Any CPU
		Release|Any CPU = Release|Any CPU
	EndGlobalSection
	GlobalSection(ProjectConfigurationPlatforms) = postSolution
		{155C8EB7-8681-4D18-ACFF-97CE2F5BF3A5}.Debug|Any CPU.ActiveCfg = Debug|Any CPU
		{155C8EB7-8681-4D18-ACFF-97CE2F5BF3A5}.Debug|Any CPU.Build.0 = Debug|Any CPU
		{155C8EB7-8681-4D18-ACFF-97CE2F5BF3A5}.Release|Any CPU.ActiveCfg = Release|Any CPU
		{155C8EB7-8681-4D18-ACFF-97CE2F5BF3A5}.Release|Any CPU.Build.0 = Release|Any CPU
	EndGlobalSection
	GlobalSection(SolutionProperties) = preSolution
		HideSolutionNode = FALSE
	EndGlobalSection
	GlobalSection(ExtensibilityGlobals) = postSolution
		SolutionGuid = {AC037279-8E3A-408E-AD1E-C818A89F24FC}
	EndGlobalSection
EndGlobal
